// !$*UTF8*$!
{
	archiveVersion = 1;
	classes = {
	};
	objectVersion = 55;
	objects = {

/* Begin PBXBuildFile section */
		667A085D2768E0DD00D05CFB /* AppDelegate.swift in Sources */ = {isa = PBXBuildFile; fileRef = 667A085C2768E0DD00D05CFB /* AppDelegate.swift */; };
		667A085F2768E0DD00D05CFB /* SceneDelegate.swift in Sources */ = {isa = PBXBuildFile; fileRef = 667A085E2768E0DD00D05CFB /* SceneDelegate.swift */; };
		667A08612768E0DD00D05CFB /* ViewController.swift in Sources */ = {isa = PBXBuildFile; fileRef = 667A08602768E0DD00D05CFB /* ViewController.swift */; };
		667A08642768E0DD00D05CFB /* Main.storyboard in Resources */ = {isa = PBXBuildFile; fileRef = 667A08622768E0DD00D05CFB /* Main.storyboard */; };
		667A08662768E0DF00D05CFB /* Assets.xcassets in Resources */ = {isa = PBXBuildFile; fileRef = 667A08652768E0DF00D05CFB /* Assets.xcassets */; };
		667A08692768E0DF00D05CFB /* LaunchScreen.storyboard in Resources */ = {isa = PBXBuildFile; fileRef = 667A08672768E0DF00D05CFB /* LaunchScreen.storyboard */; };
		667A08712768E22600D05CFB /* detailsVC.swift in Sources */ = {isa = PBXBuildFile; fileRef = 667A08702768E22600D05CFB /* detailsVC.swift */; };
		667A08732768E74400D05CFB /* Simpsons.swift in Sources */ = {isa = PBXBuildFile; fileRef = 667A08722768E74400D05CFB /* Simpsons.swift */; };
/* End PBXBuildFile section */

/* Begin PBXFileReference section */
		667A08592768E0DD00D05CFB /* Simpson Book.app */ = {isa = PBXFileReference; explicitFileType = wrapper.application; includeInIndex = 0; path = "Simpson Book.app"; sourceTree = BUILT_PRODUCTS_DIR; };
		667A085C2768E0DD00D05CFB /* AppDelegate.swift */ = {isa = PBXFileReference; lastKnownFileType = sourcecode.swift; path = AppDelegate.swift; sourceTree = "<group>"; };
		667A085E2768E0DD00D05CFB /* SceneDelegate.swift */ = {isa = PBXFileReference; lastKnownFileType = sourcecode.swift; path = SceneDelegate.swift; sourceTree = "<group>"; };
		667A08602768E0DD00D05CFB /* ViewController.swift */ = {isa = PBXFileReference; lastKnownFileType = sourcecode.swift; path = ViewController.swift; sourceTree = "<group>"; };
		667A08632768E0DD00D05CFB /* Base */ = {isa = PBXFileReference; lastKnownFileType = file.storyboard; name = Base; path = Base.lproj/Main.storyboard; sourceTree = "<group>"; };
		667A08652768E0DF00D05CFB /* Assets.xcassets */ = {isa = PBXFileReference; lastKnownFileType = folder.assetcatalog; path = Assets.xcassets; sourceTree = "<group>"; };
		667A08682768E0DF00D05CFB /* Base */ = {isa = PBXFileReference; lastKnownFileType = file.storyboard; name = Base; path = Base.lproj/LaunchScreen.storyboard; sourceTree = "<group>"; };
		667A086A2768E0DF00D05CFB /* Info.plist */ = {isa = PBXFileReference; lastKnownFileType = text.plist.xml; path = Info.plist; sourceTree = "<group>"; };
		667A08702768E22600D05CFB /* detailsVC.swift */ = {isa = PBXFileReference; lastKnownFileType = sourcecode.swift; path = detailsVC.swift; sourceTree = "<group>"; };
		667A08722768E74400D05CFB /* Simpsons.swift */ = {isa = PBXFileReference; lastKnownFileType = sourcecode.swift; path = Simpsons.swift; sourceTree = "<group>"; };
/* End PBXFileReference section */

/* Begin PBXFrameworksBuildPhase section */
		667A08562768E0DD00D05CFB /* Frameworks */ = {
			isa = PBXFrameworksBuildPhase;
			buildActionMask = 2147483647;
			files = (
			);
			runOnlyForDeploymentPostprocessing = 0;
		};
/* End PBXFrameworksBuildPhase section */

/* Begin PBXGroup section */
		667A08502768E0DD00D05CFB = {
			isa = PBXGroup;
			children = (
				667A085B2768E0DD00D05CFB /* Simpson Book */,
				667A085A2768E0DD00D05CFB /* Products */,
			);
			sourceTree = "<group>";
		};
		667A085A2768E0DD00D05CFB /* Products */ = {
			isa = PBXGroup;
			children = (
				667A08592768E0DD00D05CFB /* Simpson Book.app */,
			);
			name = Products;
			sourceTree = "<group>";
		};
		667A085B2768E0DD00D05CFB /* Simpson Book */ = {
			isa = PBXGroup;
			children = (
				667A085C2768E0DD00D05CFB /* AppDelegate.swift */,
				667A085E2768E0DD00D05CFB /* SceneDelegate.swift */,
				667A08602768E0DD00D05CFB /* ViewController.swift */,
				667A08702768E22600D05CFB /* detailsVC.swift */,
				667A08722768E74400D05CFB /* Simpsons.swift */,
				667A08622768E0DD00D05CFB /* Main.storyboard */,
				667A08652768E0DF00D05CFB /* Assets.xcassets */,
				667A08672768E0DF00D05CFB /* LaunchScreen.storyboard */,
				667A086A2768E0DF00D05CFB /* Info.plist */,
			);
			path = "Simpson Book";
			sourceTree = "<group>";
		};
/* End PBXGroup section */

/* Begin PBXNativeTarget section */
		667A08582768E0DD00D05CFB /* Simpson Book */ = {
			isa = PBXNativeTarget;
			buildConfigurationList = 667A086D2768E0DF00D05CFB /* Build configuration list for PBXNativeTarget "Simpson Book" */;
			buildPhases = (
				667A08552768E0DD00D05CFB /* Sources */,
				667A08562768E0DD00D05CFB /* Frameworks */,
				667A08572768E0DD00D05CFB /* Resources */,
			);
			buildRules = (
			);
			dependencies = (
			);
			name = "Simpson Book";
			productName = "Simpson Book";
			productReference = 667A08592768E0DD00D05CFB /* Simpson Book.app */;
			productType = "com.apple.product-type.application";
		};
/* End PBXNativeTarget section */

/* Begin PBXProject section */
		667A08512768E0DD00D05CFB /* Project object */ = {
			isa = PBXProject;
			attributes = {
				BuildIndependentTargetsInParallel = 1;
				LastSwiftUpdateCheck = 1320;
				LastUpgradeCheck = 1320;
				TargetAttributes = {
					667A08582768E0DD00D05CFB = {
						CreatedOnToolsVersion = 13.2;
					};
				};
			};
			buildConfigurationList = 667A08542768E0DD00D05CFB /* Build configuration list for PBXProject "Simpson Book" */;
			compatibilityVersion = "Xcode 13.0";
			developmentRegion = en;
			hasScannedForEncodings = 0;
			knownRegions = (
				en,
				Base,
			);
			mainGroup = 667A08502768E0DD00D05CFB;
			productRefGroup = 667A085A2768E0DD00D05CFB /* Products */;
			projectDirPath = "";
			projectRoot = "";
			targets = (
				667A08582768E0DD00D05CFB /* Simpson Book */,
			);
		};
/* End PBXProject section */

/* Begin PBXResourcesBuildPhase section */
		667A08572768E0DD00D05CFB /* Resources */ = {
			isa = PBXResourcesBuildPhase;
			buildActionMask = 2147483647;
			files = (
				667A08692768E0DF00D05CFB /* LaunchScreen.storyboard in Resources */,
				667A08662768E0DF00D05CFB /* Assets.xcassets in Resources */,
				667A08642768E0DD00D05CFB /* Main.storyboard in Resources */,
			);
			runOnlyForDeploymentPostprocessing = 0;
		};
/* End PBXResourcesBuildPhase section */

/* Begin PBXSourcesBuildPhase section */
		667A08552768E0DD00D05CFB /* Sources */ = {
			isa = PBXSourcesBuildPhase;
			buildActionMask = 2147483647;
			files = (
				667A08612768E0DD00D05CFB /* ViewController.swift in Sources */,
				667A08712768E22600D05CFB /* detailsVC.swift in Sources */,
				667A085D2768E0DD00D05CFB /* AppDelegate.swift in Sources */,
				667A085F2768E0DD00D05CFB /* SceneDelegate.swift in Sources */,
				667A08732768E74400D05CFB /* Simpsons.swift in Sources */,
			);
			runOnlyForDeploymentPostprocessing = 0;
		};
/* End PBXSourcesBuildPhase section */

/* Begin PBXVariantGroup section */
		667A08622768E0DD00D05CFB /* Main.storyboard */ = {
			isa = PBXVariantGroup;
			children = (
				667A08632768E0DD00D05CFB /* Base */,
			);
			name = Main.storyboard;
			sourceTree = "<group>";
		};
		667A08672768E0DF00D05CFB /* LaunchScreen.storyboard */ = {
			isa = PBXVariantGroup;
			children = (
				667A08682768E0DF00D05CFB /* Base */,
			);
			name = LaunchScreen.storyboard;
			sourceTree = "<group>";
		};
/* End PBXVariantGroup section */

/* Begin XCBuildConfiguration section */
		667A086B2768E0DF00D05CFB /* Debug */ = {
			isa = XCBuildConfiguration;
			buildSettings = {
				ALWAYS_SEARCH_USER_PATHS = NO;
				CLANG_ANALYZER_NONNULL = YES;
				CLANG_ANALYZER_NUMBER_OBJECT_CONVERSION = YES_AGGRESSIVE;
				CLANG_CXX_LANGUAGE_STANDARD = "gnu++17";
				CLANG_CXX_LIBRARY = "libc++";
				CLANG_ENABLE_MODULES = YES;
				CLANG_ENABLE_OBJC_ARC = YES;
				CLANG_ENABLE_OBJC_WEAK = YES;
				CLANG_WARN_BLOCK_CAPTURE_AUTORELEASING = YES;
				CLANG_WARN_BOOL_CONVERSION = YES;
				CLANG_WARN_COMMA = YES;
				CLANG_WARN_CONSTANT_CONVERSION = YES;
				CLANG_WARN_DEPRECATED_OBJC_IMPLEMENTATIONS = YES;
				CLANG_WARN_DIRECT_OBJC_ISA_USAGE = YES_ERROR;
				CLANG_WARN_DOCUMENTATION_COMMENTS = YES;
				CLANG_WARN_EMPTY_BODY = YES;
				CLANG_WARN_ENUM_CONVERSION = YES;
				CLANG_WARN_INFINITE_RECURSION = YES;
				CLANG_WARN_INT_CONVERSION = YES;
				CLANG_WARN_NON_LITERAL_NULL_CONVERSION = YES;
				CLANG_WARN_OBJC_IMPLICIT_RETAIN_SELF = YES;
				CLANG_WARN_OBJC_LITERAL_CONVERSION = YES;
				CLANG_WARN_OBJC_ROOT_CLASS = YES_ERROR;
				CLANG_WARN_QUOTED_INCLUDE_IN_FRAMEWORK_HEADER = YES;
				CLANG_WARN_RANGE_LOOP_ANALYSIS = YES;
				CLANG_WARN_STRICT_PROTOTYPES = YES;
				CLANG_WARN_SUSPICIOUS_MOVE = YES;
				CLANG_WARN_UNGUARDED_AVAILABILITY = YES_AGGRESSIVE;
				CLANG_WARN_UNREACHABLE_CODE = YES;
				CLANG_WARN__DUPLICATE_METHOD_MATCH = YES;
				COPY_PHASE_STRIP = NO;
				DEBUG_INFORMATION_FORMAT = dwarf;
				ENABLE_STRICT_OBJC_MSGSEND = YES;
				ENABLE_TESTABILITY = YES;
				GCC_C_LANGUAGE_STANDARD = gnu11;
				GCC_DYNAMIC_NO_PIC = NO;
				GCC_NO_COMMON_BLOCKS = YES;
				GCC_OPTIMIZATION_LEVEL = 0;
				GCC_PREPROCESSOR_DEFINITIONS = (
					"DEBUG=1",
					"$(inherited)",
				);
				GCC_WARN_64_TO_32_BIT_CONVERSION = YES;
				GCC_WARN_ABOUT_RETURN_TYPE = YES_ERROR;
				GCC_WARN_UNDECLARED_SELECTOR = YES;
				GCC_WARN_UNINITIALIZED_AUTOS = YES_AGGRESSIVE;
				GCC_WARN_UNUSED_FUNCTION = YES;
				GCC_WARN_UNUSED_VARIABLE = YES;
				IPHONEOS_DEPLOYMENT_TARGET = 15.2;
				MTL_ENABLE_DEBUG_INFO = INCLUDE_SOURCE;
				MTL_FAST_MATH = YES;
				ONLY_ACTIVE_ARCH = YES;
				SDKROOT = iphoneos;
				SWIFT_ACTIVE_COMPILATION_CONDITIONS = DEBUG;
				SWIFT_OPTIMIZATION_LEVEL = "-Onone";
			};
			name = Debug;
		};
		667A086C2768E0DF00D05CFB /* Release */ = {
			isa = XCBuildConfiguration;
			buildSettings = {
				ALWAYS_SEARCH_USER_PATHS = NO;
				CLANG_ANALYZER_NONNULL = YES;
				CLANG_ANALYZER_NUMBER_OBJECT_CONVERSION = YES_AGGRESSIVE;
				CLANG_CXX_LANGUAGE_STANDARD = "gnu++17";
				CLANG_CXX_LIBRARY = "libc++";
				CLANG_ENABLE_MODULES = YES;
				CLANG_ENABLE_OBJC_ARC = YES;
				CLANG_ENABLE_OBJC_WEAK = YES;
				CLANG_WARN_BLOCK_CAPTURE_AUTORELEASING = YES;
				CLANG_WARN_BOOL_CONVERSION = YES;
				CLANG_WARN_COMMA = YES;
				CLANG_WARN_CONSTANT_CONVERSION = YES;
				CLANG_WARN_DEPRECATED_OBJC_IMPLEMENTATIONS = YES;
				CLANG_WARN_DIRECT_OBJC_ISA_USAGE = YES_ERROR;
				CLANG_WARN_DOCUMENTATION_COMMENTS = YES;
				CLANG_WARN_EMPTY_BODY = YES;
				CLANG_WARN_ENUM_CONVERSION = YES;
				CLANG_WARN_INFINITE_RECURSION = YES;
				CLANG_WARN_INT_CONVERSION = YES;
				CLANG_WARN_NON_LITERAL_NULL_CONVERSION = YES;
				CLANG_WARN_OBJC_IMPLICIT_RETAIN_SELF = YES;
				CLANG_WARN_OBJC_LITERAL_CONVERSION = YES;
				CLANG_WARN_OBJC_ROOT_CLASS = YES_ERROR;
				CLANG_WARN_QUOTED_INCLUDE_IN_FRAMEWORK_HEADER = YES;
				CLANG_WARN_RANGE_LOOP_ANALYSIS = YES;
				CLANG_WARN_STRICT_PROTOTYPES = YES;
				CLANG_WARN_SUSPICIOUS_MOVE = YES;
				CLANG_WARN_UNGUARDED_AVAILABILITY = YES_AGGRESSIVE;
				CLANG_WARN_UNREACHABLE_CODE = YES;
				CLANG_WARN__DUPLICATE_METHOD_MATCH = YES;
				COPY_PHASE_STRIP = NO;
				DEBUG_INFORMATION_FORMAT = "dwarf-with-dsym";
				ENABLE_NS_ASSERTIONS = NO;
				ENABLE_STRICT_OBJC_MSGSEND = YES;
				GCC_C_LANGUAGE_STANDARD = gnu11;
				GCC_NO_COMMON_BLOCKS = YES;
				GCC_WARN_64_TO_32_BIT_CONVERSION = YES;
				GCC_WARN_ABOUT_RETURN_TYPE = YES_ERROR;
				GCC_WARN_UNDECLARED_SELECTOR = YES;
				GCC_WARN_UNINITIALIZED_AUTOS = YES_AGGRESSIVE;
				GCC_WARN_UNUSED_FUNCTION = YES;
				GCC_WARN_UNUSED_VARIABLE = YES;
				IPHONEOS_DEPLOYMENT_TARGET = 15.2;
				MTL_ENABLE_DEBUG_INFO = NO;
				MTL_FAST_MATH = YES;
				SDKROOT = iphoneos;
				SWIFT_COMPILATION_MODE = wholemodule;
				SWIFT_OPTIMIZATION_LEVEL = "-O";
				VALIDATE_PRODUCT = YES;
			};
			name = Release;
		};
		667A086E2768E0DF00D05CFB /* Debug */ = {
			isa = XCBuildConfiguration;
			buildSettings = {
				ASSETCATALOG_COMPILER_APPICON_NAME = AppIcon;
				ASSETCATALOG_COMPILER_GLOBAL_ACCENT_COLOR_NAME = AccentColor;
				CODE_SIGN_STYLE = Automatic;
				CURRENT_PROJECT_VERSION = 1;
				DEVELOPMENT_TEAM = C996C9WC92;
				GENERATE_INFOPLIST_FILE = YES;
				INFOPLIST_FILE = "Simpson Book/Info.plist";
				INFOPLIST_KEY_UIApplicationSupportsIndirectInputEvents = YES;
				INFOPLIST_KEY_UILaunchStoryboardName = LaunchScreen;
				INFOPLIST_KEY_UIMainStoryboardFile = Main;
				INFOPLIST_KEY_UISupportedInterfaceOrientations_iPad = "UIInterfaceOrientationPortrait UIInterfaceOrientationPortraitUpsideDown UIInterfaceOrientationLandscapeLeft UIInterfaceOrientationLandscapeRight";
				INFOPLIST_KEY_UISupportedInterfaceOrientations_iPhone = "UIInterfaceOrientationPortrait UIInterfaceOrientationLandscapeLeft UIInterfaceOrientationLandscapeRight";
				LD_RUNPATH_SEARCH_PATHS = (
					"$(inherited)",
					"@executable_path/Frameworks",
				);
				MARKETING_VERSION = 1.0;
				PRODUCT_BUNDLE_IDENTIFIER = "com.baturayyasar.Simpson-Book";
				PRODUCT_NAME = "$(TARGET_NAME)";
				SWIFT_EMIT_LOC_STRINGS = YES;
				SWIFT_VERSION = 5.0;
				TARGETED_DEVICE_FAMILY = 1;
			};
			name = Debug;
		};
		667A086F2768E0DF00D05CFB /* Release */ = {
			isa = XCBuildConfiguration;
			buildSettings = {
				ASSETCATALOG_COMPILER_APPICON_NAME = AppIcon;
				ASSETCATALOG_COMPILER_GLOBAL_ACCENT_COLOR_NAME = AccentColor;
				CODE_SIGN_STYLE = Automatic;
				CURRENT_PROJECT_VERSION = 1;
				DEVELOPMENT_TEAM = C996C9WC92;
				GENERATE_INFOPLIST_FILE = YES;
				INFOPLIST_FILE = "Simpson Book/Info.plist";
				INFOPLIST_KEY_UIApplicationSupportsIndirectInputEvents = YES;
				INFOPLIST_KEY_UILaunchStoryboardName = LaunchScreen;
				INFOPLIST_KEY_UIMainStoryboardFile = Main;
				INFOPLIST_KEY_UISupportedInterfaceOrientations_iPad = "UIInterfaceOrientationPortrait UIInterfaceOrientationPortraitUpsideDown UIInterfaceOrientationLandscapeLeft UIInterfaceOrientationLandscapeRight";
				INFOPLIST_KEY_UISupportedInterfaceOrientations_iPhone = "UIInterfaceOrientationPortrait UIInterfaceOrientationLandscapeLeft UIInterfaceOrientationLandscapeRight";
				LD_RUNPATH_SEARCH_PATHS = (
					"$(inherited)",
					"@executable_path/Frameworks",
				);
				MARKETING_VERSION = 1.0;
				PRODUCT_BUNDLE_IDENTIFIER = "com.baturayyasar.Simpson-Book";
				PRODUCT_NAME = "$(TARGET_NAME)";
				SWIFT_EMIT_LOC_STRINGS = YES;
				SWIFT_VERSION = 5.0;
				TARGETED_DEVICE_FAMILY = 1;
			};
			name = Release;
		};
/* End XCBuildConfiguration section */

/* Begin XCConfigurationList section */
		667A08542768E0DD00D05CFB /* Build configuration list for PBXProject "Simpson Book" */ = {
			isa = XCConfigurationList;
			buildConfigurations = (
				667A086B2768E0DF00D05CFB /* Debug */,
				667A086C2768E0DF00D05CFB /* Release */,
			);
			defaultConfigurationIsVisible = 0;
			defaultConfigurationName = Release;
		};
		667A086D2768E0DF00D05CFB /* Build configuration list for PBXNativeTarget "Simpson Book" */ = {
			isa = XCConfigurationList;
			buildConfigurations = (
				667A086E2768E0DF00D05CFB /* Debug */,
				667A086F2768E0DF00D05CFB /* Release */,
			);
			defaultConfigurationIsVisible = 0;
			defaultConfigurationName = Release;
		};
/* End XCConfigurationList section */
	};
	rootObject = 667A08512768E0DD00D05CFB /* Project object */;
}
